
Microsoft Visual Studio Solution File, Format Version 12.00
# Visual Studio Version 17
VisualStudioVersion = 17.9.34723.18
MinimumVisualStudioVersion = 10.0.40219.1
Project("{FAE04EC0-301F-11D3-BF4B-00C04F79EFBC}") = "GunlukUygulaması", "GunlukUygulaması.csproj", "{58BC90A8-F0FA-4EAE-805C-7EB837551BBA}"
EndProject
Global
	GlobalSection(SolutionConfigurationPlatforms) = preSolution
		Debug|Any CPU = Debug|Any CPU
		Release|Any CPU = Release|Any CPU
	EndGlobalSection
	GlobalSection(ProjectConfigurationPlatforms) = postSolution
		{58BC90A8-F0FA-4EAE-805C-7EB837551BBA}.Debug|Any CPU.ActiveCfg = Debug|Any CPU
		{58BC90A8-F0FA-4EAE-805C-7EB837551BBA}.Debug|Any CPU.Build.0 = Debug|Any CPU
		{58BC90A8-F0FA-4EAE-805C-7EB837551BBA}.Release|Any CPU.ActiveCfg = Release|Any CPU
		{58BC90A8-F0FA-4EAE-805C-7EB837551BBA}.Release|Any CPU.Build.0 = Release|Any CPU
	EndGlobalSection
	GlobalSection(SolutionProperties) = preSolution
		HideSolutionNode = FALSE
	EndGlobalSection
	GlobalSection(ExtensibilityGlobals) = postSolution
		SolutionGuid = {AE9FBD7B-E053-4C79-8ABD-20902956AC00}
	EndGlobalSection
EndGlobal
